
Microsoft Visual Studio Solution File, Format Version 12.00
# Visual Studio Version 17
VisualStudioVersion = 17.9.34701.34
MinimumVisualStudioVersion = 10.0.40219.1
Project("{FAE04EC0-301F-11D3-BF4B-00C04F79EFBC}") = "API_BurguerSL", "API_BurguerSL.csproj", "{AA79D029-0A40-4AB0-BA7B-6E43EA5F6BD4}"
EndProject
Global
	GlobalSection(SolutionConfigurationPlatforms) = preSolution
		Debug|Any CPU = Debug|Any CPU
		Release|Any CPU = Release|Any CPU
	EndGlobalSection
	GlobalSection(ProjectConfigurationPlatforms) = postSolution
		{AA79D029-0A40-4AB0-BA7B-6E43EA5F6BD4}.Debug|Any CPU.ActiveCfg = Debug|Any CPU
		{AA79D029-0A40-4AB0-BA7B-6E43EA5F6BD4}.Debug|Any CPU.Build.0 = Debug|Any CPU
		{AA79D029-0A40-4AB0-BA7B-6E43EA5F6BD4}.Release|Any CPU.ActiveCfg = Release|Any CPU
		{AA79D029-0A40-4AB0-BA7B-6E43EA5F6BD4}.Release|Any CPU.Build.0 = Release|Any CPU
	EndGlobalSection
	GlobalSection(SolutionProperties) = preSolution
		HideSolutionNode = FALSE
	EndGlobalSection
	GlobalSection(ExtensibilityGlobals) = postSolution
		SolutionGuid = {A07BD3FF-074B-4D10-9173-F9F22F181F4C}
	EndGlobalSection
EndGlobal
